Microsoft Visual Studio Solution File, Format Version 12.00
# Visual Studio Version 17
VisualStudioVersion = 17.5.2.0
MinimumVisualStudioVersion = 10.0.40219.1
Project("{2150E333-8FDC-42A3-9474-1A3956D46DE8}") = "src", "src", "{827E0CD3-B72D-47B6-A68D-7590B98EB39B}"
EndProject
Project("{2150E333-8FDC-42A3-9474-1A3956D46DE8}") = "main-bot", "main-bot", "{4FCDFDB7-A417-3C3F-0910-8A045F02A9B3}"
EndProject
Project("{FAE04EC0-301F-11D3-BF4B-00C04F79EFBC}") = "Orion", "src\main-bot\Orion.csproj", "{D5755513-6BD5-9BC5-2FAB-7209B8A8501E}"
EndProject
Project("{FAE04EC0-301F-11D3-BF4B-00C04F79EFBC}") = "TemplateBot", "src\TemplateBot\TemplateBot.csproj", "{2DE103AA-4477-2F19-679D-2256124C21E0}"
EndProject
Project("{2150E333-8FDC-42A3-9474-1A3956D46DE8}") = "alternative-bot", "alternative-bot", "{8F04B7AC-3719-226F-BE10-B729A000A857}"
EndProject
Project("{2150E333-8FDC-42A3-9474-1A3956D46DE8}") = "alt-bot-1", "alt-bot-1", "{9F022950-1BE7-6A5F-E2BB-820652ED6D5C}"
EndProject
Project("{FAE04EC0-301F-11D3-BF4B-00C04F79EFBC}") = "Tester", "src\alternative-bot\alt-bot-1\Tester.csproj", "{D4EDFF4A-E31F-3D09-01B9-9094C91919FD}"
EndProject
Project("{2150E333-8FDC-42A3-9474-1A3956D46DE8}") = "sample-bots-csharp-0.30.0", "sample-bots-csharp-0.30.0", "{8B87BC56-399E-8563-D498-8B560C5FED04}"
EndProject
Project("{FAE04EC0-301F-11D3-BF4B-00C04F79EFBC}") = "Corners", "src\sample-bots-csharp-0.30.0\Corners\Corners.csproj", "{B4FBD28F-B283-5303-D150-7539E787273D}"
EndProject
Project("{FAE04EC0-301F-11D3-BF4B-00C04F79EFBC}") = "Crazy", "src\sample-bots-csharp-0.30.0\Crazy\Crazy.csproj", "{0F4D2255-18D5-2575-B581-02A84E71F651}"
EndProject
Project("{FAE04EC0-301F-11D3-BF4B-00C04F79EFBC}") = "Fire", "src\sample-bots-csharp-0.30.0\Fire\Fire.csproj", "{8AD5E55A-56CB-3F77-A2CF-0D8B8D01EFC7}"
EndProject
Project("{FAE04EC0-301F-11D3-BF4B-00C04F79EFBC}") = "MyFirstBot", "src\sample-bots-csharp-0.30.0\MyFirstBot\MyFirstBot.csproj", "{277BD62C-509B-098C-DDA5-6A50D8266672}"
EndProject
Project("{FAE04EC0-301F-11D3-BF4B-00C04F79EFBC}") = "MyFirstDroid", "src\sample-bots-csharp-0.30.0\MyFirstDroid\MyFirstDroid.csproj", "{C825838A-4FC5-E24C-BD89-54DD117DBEB5}"
EndProject
Project("{FAE04EC0-301F-11D3-BF4B-00C04F79EFBC}") = "MyFirstLeader", "src\sample-bots-csharp-0.30.0\MyFirstLeader\MyFirstLeader.csproj", "{BDC72C05-1903-448D-CB89-63FAB1F19813}"
EndProject
Project("{FAE04EC0-301F-11D3-BF4B-00C04F79EFBC}") = "PaintingBot", "src\sample-bots-csharp-0.30.0\PaintingBot\PaintingBot.csproj", "{0DBEB9F5-20DF-6461-A149-AACCD51FD5FF}"
EndProject
Project("{FAE04EC0-301F-11D3-BF4B-00C04F79EFBC}") = "RamFire", "src\sample-bots-csharp-0.30.0\RamFire\RamFire.csproj", "{073886BF-EB8C-B23F-3189-3E4B3FD1E56C}"
EndProject
Project("{FAE04EC0-301F-11D3-BF4B-00C04F79EFBC}") = "SpinBot", "src\sample-bots-csharp-0.30.0\SpinBot\SpinBot.csproj", "{396F4C12-3301-D9BE-9708-7FDD5854F096}"
EndProject
Project("{FAE04EC0-301F-11D3-BF4B-00C04F79EFBC}") = "Target", "src\sample-bots-csharp-0.30.0\Target\Target.csproj", "{1199A513-C227-C2B0-6CA4-FB5123FFEB52}"
EndProject
Project("{FAE04EC0-301F-11D3-BF4B-00C04F79EFBC}") = "TrackFire", "src\sample-bots-csharp-0.30.0\TrackFire\TrackFire.csproj", "{31A779EA-45FA-B537-3654-79542D018086}"
EndProject
Project("{FAE04EC0-301F-11D3-BF4B-00C04F79EFBC}") = "VelocityBot", "src\sample-bots-csharp-0.30.0\VelocityBot\VelocityBot.csproj", "{E952378B-8BFC-B34C-2B71-32533FAA8627}"
EndProject
Project("{FAE04EC0-301F-11D3-BF4B-00C04F79EFBC}") = "Walls", "src\sample-bots-csharp-0.30.0\Walls\Walls.csproj", "{CDFBC954-95C0-1FDF-E82E-CD83E5A0EDF0}"
EndProject
Global
	GlobalSection(SolutionConfigurationPlatforms) = preSolution
		Debug|Any CPU = Debug|Any CPU
		Release|Any CPU = Release|Any CPU
	EndGlobalSection
	GlobalSection(ProjectConfigurationPlatforms) = postSolution
		{D5755513-6BD5-9BC5-2FAB-7209B8A8501E}.Debug|Any CPU.ActiveCfg = Debug|Any CPU
		{D5755513-6BD5-9BC5-2FAB-7209B8A8501E}.Debug|Any CPU.Build.0 = Debug|Any CPU
		{D5755513-6BD5-9BC5-2FAB-7209B8A8501E}.Release|Any CPU.ActiveCfg = Release|Any CPU
		{D5755513-6BD5-9BC5-2FAB-7209B8A8501E}.Release|Any CPU.Build.0 = Release|Any CPU
		{2DE103AA-4477-2F19-679D-2256124C21E0}.Debug|Any CPU.ActiveCfg = Debug|Any CPU
		{2DE103AA-4477-2F19-679D-2256124C21E0}.Debug|Any CPU.Build.0 = Debug|Any CPU
		{2DE103AA-4477-2F19-679D-2256124C21E0}.Release|Any CPU.ActiveCfg = Release|Any CPU
		{2DE103AA-4477-2F19-679D-2256124C21E0}.Release|Any CPU.Build.0 = Release|Any CPU
		{D4EDFF4A-E31F-3D09-01B9-9094C91919FD}.Debug|Any CPU.ActiveCfg = Debug|Any CPU
		{D4EDFF4A-E31F-3D09-01B9-9094C91919FD}.Debug|Any CPU.Build.0 = Debug|Any CPU
		{D4EDFF4A-E31F-3D09-01B9-9094C91919FD}.Release|Any CPU.ActiveCfg = Release|Any CPU
		{D4EDFF4A-E31F-3D09-01B9-9094C91919FD}.Release|Any CPU.Build.0 = Release|Any CPU
		{B4FBD28F-B283-5303-D150-7539E787273D}.Debug|Any CPU.ActiveCfg = Debug|Any CPU
		{B4FBD28F-B283-5303-D150-7539E787273D}.Debug|Any CPU.Build.0 = Debug|Any CPU
		{B4FBD28F-B283-5303-D150-7539E787273D}.Release|Any CPU.ActiveCfg = Release|Any CPU
		{B4FBD28F-B283-5303-D150-7539E787273D}.Release|Any CPU.Build.0 = Release|Any CPU
		{0F4D2255-18D5-2575-B581-02A84E71F651}.Debug|Any CPU.ActiveCfg = Debug|Any CPU
		{0F4D2255-18D5-2575-B581-02A84E71F651}.Debug|Any CPU.Build.0 = Debug|Any CPU
		{0F4D2255-18D5-2575-B581-02A84E71F651}.Release|Any CPU.ActiveCfg = Release|Any CPU
		{0F4D2255-18D5-2575-B581-02A84E71F651}.Release|Any CPU.Build.0 = Release|Any CPU
		{8AD5E55A-56CB-3F77-A2CF-0D8B8D01EFC7}.Debug|Any CPU.ActiveCfg = Debug|Any CPU
		{8AD5E55A-56CB-3F77-A2CF-0D8B8D01EFC7}.Debug|Any CPU.Build.0 = Debug|Any CPU
		{8AD5E55A-56CB-3F77-A2CF-0D8B8D01EFC7}.Release|Any CPU.ActiveCfg = Release|Any CPU
		{8AD5E55A-56CB-3F77-A2CF-0D8B8D01EFC7}.Release|Any CPU.Build.0 = Release|Any CPU
		{277BD62C-509B-098C-DDA5-6A50D8266672}.Debug|Any CPU.ActiveCfg = Debug|Any CPU
		{277BD62C-509B-098C-DDA5-6A50D8266672}.Debug|Any CPU.Build.0 = Debug|Any CPU
		{277BD62C-509B-098C-DDA5-6A50D8266672}.Release|Any CPU.ActiveCfg = Release|Any CPU
		{277BD62C-509B-098C-DDA5-6A50D8266672}.Release|Any CPU.Build.0 = Release|Any CPU
		{C825838A-4FC5-E24C-BD89-54DD117DBEB5}.Debug|Any CPU.ActiveCfg = Debug|Any CPU
		{C825838A-4FC5-E24C-BD89-54DD117DBEB5}.Debug|Any CPU.Build.0 = Debug|Any CPU
		{C825838A-4FC5-E24C-BD89-54DD117DBEB5}.Release|Any CPU.ActiveCfg = Release|Any CPU
		{C825838A-4FC5-E24C-BD89-54DD117DBEB5}.Release|Any CPU.Build.0 = Release|Any CPU
		{BDC72C05-1903-448D-CB89-63FAB1F19813}.Debug|Any CPU.ActiveCfg = Debug|Any CPU
		{BDC72C05-1903-448D-CB89-63FAB1F19813}.Debug|Any CPU.Build.0 = Debug|Any CPU
		{BDC72C05-1903-448D-CB89-63FAB1F19813}.Release|Any CPU.ActiveCfg = Release|Any CPU
		{BDC72C05-1903-448D-CB89-63FAB1F19813}.Release|Any CPU.Build.0 = Release|Any CPU
		{0DBEB9F5-20DF-6461-A149-AACCD51FD5FF}.Debug|Any CPU.ActiveCfg = Debug|Any CPU
		{0DBEB9F5-20DF-6461-A149-AACCD51FD5FF}.Debug|Any CPU.Build.0 = Debug|Any CPU
		{0DBEB9F5-20DF-6461-A149-AACCD51FD5FF}.Release|Any CPU.ActiveCfg = Release|Any CPU
		{0DBEB9F5-20DF-6461-A149-AACCD51FD5FF}.Release|Any CPU.Build.0 = Release|Any CPU
		{073886BF-EB8C-B23F-3189-3E4B3FD1E56C}.Debug|Any CPU.ActiveCfg = Debug|Any CPU
		{073886BF-EB8C-B23F-3189-3E4B3FD1E56C}.Debug|Any CPU.Build.0 = Debug|Any CPU
		{073886BF-EB8C-B23F-3189-3E4B3FD1E56C}.Release|Any CPU.ActiveCfg = Release|Any CPU
		{073886BF-EB8C-B23F-3189-3E4B3FD1E56C}.Release|Any CPU.Build.0 = Release|Any CPU
		{396F4C12-3301-D9BE-9708-7FDD5854F096}.Debug|Any CPU.ActiveCfg = Debug|Any CPU
		{396F4C12-3301-D9BE-9708-7FDD5854F096}.Debug|Any CPU.Build.0 = Debug|Any CPU
		{396F4C12-3301-D9BE-9708-7FDD5854F096}.Release|Any CPU.ActiveCfg = Release|Any CPU
		{396F4C12-3301-D9BE-9708-7FDD5854F096}.Release|Any CPU.Build.0 = Release|Any CPU
		{1199A513-C227-C2B0-6CA4-FB5123FFEB52}.Debug|Any CPU.ActiveCfg = Debug|Any CPU
		{1199A513-C227-C2B0-6CA4-FB5123FFEB52}.Debug|Any CPU.Build.0 = Debug|Any CPU
		{1199A513-C227-C2B0-6CA4-FB5123FFEB52}.Release|Any CPU.ActiveCfg = Release|Any CPU
		{1199A513-C227-C2B0-6CA4-FB5123FFEB52}.Release|Any CPU.Build.0 = Release|Any CPU
		{31A779EA-45FA-B537-3654-79542D018086}.Debug|Any CPU.ActiveCfg = Debug|Any CPU
		{31A779EA-45FA-B537-3654-79542D018086}.Debug|Any CPU.Build.0 = Debug|Any CPU
		{31A779EA-45FA-B537-3654-79542D018086}.Release|Any CPU.ActiveCfg = Release|Any CPU
		{31A779EA-45FA-B537-3654-79542D018086}.Release|Any CPU.Build.0 = Release|Any CPU
		{E952378B-8BFC-B34C-2B71-32533FAA8627}.Debug|Any CPU.ActiveCfg = Debug|Any CPU
		{E952378B-8BFC-B34C-2B71-32533FAA8627}.Debug|Any CPU.Build.0 = Debug|Any CPU
		{E952378B-8BFC-B34C-2B71-32533FAA8627}.Release|Any CPU.ActiveCfg = Release|Any CPU
		{E952378B-8BFC-B34C-2B71-32533FAA8627}.Release|Any CPU.Build.0 = Release|Any CPU
		{CDFBC954-95C0-1FDF-E82E-CD83E5A0EDF0}.Debug|Any CPU.ActiveCfg = Debug|Any CPU
		{CDFBC954-95C0-1FDF-E82E-CD83E5A0EDF0}.Debug|Any CPU.Build.0 = Debug|Any CPU
		{CDFBC954-95C0-1FDF-E82E-CD83E5A0EDF0}.Release|Any CPU.ActiveCfg = Release|Any CPU
		{CDFBC954-95C0-1FDF-E82E-CD83E5A0EDF0}.Release|Any CPU.Build.0 = Release|Any CPU
	EndGlobalSection
	GlobalSection(SolutionProperties) = preSolution
		HideSolutionNode = FALSE
	EndGlobalSection
	GlobalSection(NestedProjects) = preSolution
		{4FCDFDB7-A417-3C3F-0910-8A045F02A9B3} = {827E0CD3-B72D-47B6-A68D-7590B98EB39B}
		{D5755513-6BD5-9BC5-2FAB-7209B8A8501E} = {4FCDFDB7-A417-3C3F-0910-8A045F02A9B3}
		{2DE103AA-4477-2F19-679D-2256124C21E0} = {827E0CD3-B72D-47B6-A68D-7590B98EB39B}
		{8F04B7AC-3719-226F-BE10-B729A000A857} = {827E0CD3-B72D-47B6-A68D-7590B98EB39B}
		{9F022950-1BE7-6A5F-E2BB-820652ED6D5C} = {8F04B7AC-3719-226F-BE10-B729A000A857}
		{D4EDFF4A-E31F-3D09-01B9-9094C91919FD} = {9F022950-1BE7-6A5F-E2BB-820652ED6D5C}
		{8B87BC56-399E-8563-D498-8B560C5FED04} = {827E0CD3-B72D-47B6-A68D-7590B98EB39B}
		{B4FBD28F-B283-5303-D150-7539E787273D} = {8B87BC56-399E-8563-D498-8B560C5FED04}
		{0F4D2255-18D5-2575-B581-02A84E71F651} = {8B87BC56-399E-8563-D498-8B560C5FED04}
		{8AD5E55A-56CB-3F77-A2CF-0D8B8D01EFC7} = {8B87BC56-399E-8563-D498-8B560C5FED04}
		{277BD62C-509B-098C-DDA5-6A50D8266672} = {8B87BC56-399E-8563-D498-8B560C5FED04}
		{C825838A-4FC5-E24C-BD89-54DD117DBEB5} = {8B87BC56-399E-8563-D498-8B560C5FED04}
		{BDC72C05-1903-448D-CB89-63FAB1F19813} = {8B87BC56-399E-8563-D498-8B560C5FED04}
		{0DBEB9F5-20DF-6461-A149-AACCD51FD5FF} = {8B87BC56-399E-8563-D498-8B560C5FED04}
		{073886BF-EB8C-B23F-3189-3E4B3FD1E56C} = {8B87BC56-399E-8563-D498-8B560C5FED04}
		{396F4C12-3301-D9BE-9708-7FDD5854F096} = {8B87BC56-399E-8563-D498-8B560C5FED04}
		{1199A513-C227-C2B0-6CA4-FB5123FFEB52} = {8B87BC56-399E-8563-D498-8B560C5FED04}
		{31A779EA-45FA-B537-3654-79542D018086} = {8B87BC56-399E-8563-D498-8B560C5FED04}
		{E952378B-8BFC-B34C-2B71-32533FAA8627} = {8B87BC56-399E-8563-D498-8B560C5FED04}
		{CDFBC954-95C0-1FDF-E82E-CD83E5A0EDF0} = {8B87BC56-399E-8563-D498-8B560C5FED04}
	EndGlobalSection
	GlobalSection(ExtensibilityGlobals) = postSolution
		SolutionGuid = {F437E3B7-D1AA-4077-90B5-B446DE378F73}
	EndGlobalSection
EndGlobal
